
Microsoft Visual Studio Solution File, Format Version 12.00
# Visual Studio Version 17
VisualStudioVersion = 17.9.34701.34
MinimumVisualStudioVersion = 10.0.40219.1
Project("{FAE04EC0-301F-11D3-BF4B-00C04F79EFBC}") = "ETR.Infra.EagleEye.API", "ETR.Infra.EagleEye.API.csproj", "{00914F84-E37D-4807-8DFF-4D840874A491}"
EndProject
Global
	GlobalSection(SolutionConfigurationPlatforms) = preSolution
		Debug|Any CPU = Debug|Any CPU
		Release|Any CPU = Release|Any CPU
	EndGlobalSection
	GlobalSection(ProjectConfigurationPlatforms) = postSolution
		{00914F84-E37D-4807-8DFF-4D840874A491}.Debug|Any CPU.ActiveCfg = Debug|Any CPU
		{00914F84-E37D-4807-8DFF-4D840874A491}.Debug|Any CPU.Build.0 = Debug|Any CPU
		{00914F84-E37D-4807-8DFF-4D840874A491}.Release|Any CPU.ActiveCfg = Release|Any CPU
		{00914F84-E37D-4807-8DFF-4D840874A491}.Release|Any CPU.Build.0 = Release|Any CPU
	EndGlobalSection
	GlobalSection(SolutionProperties) = preSolution
		HideSolutionNode = FALSE
	EndGlobalSection
	GlobalSection(ExtensibilityGlobals) = postSolution
		SolutionGuid = {487C1CAC-AD4E-4398-899B-3A886AE315E3}
	EndGlobalSection
EndGlobal
